// !$*UTF8*$!
{
	archiveVersion = 1;
	classes = {
	};
	objectVersion = 54;
	objects = {

/* Begin PBXBuildFile section */
		AB8A80ED263303CB007A20C2 /* TimetableSetting.swift in Sources */ = {isa = PBXBuildFile; fileRef = AB8A80EC263303CB007A20C2 /* TimetableSetting.swift */; };
		AB8A811D2633DB41007A20C2 /* String+Extension.swift in Sources */ = {isa = PBXBuildFile; fileRef = AB8A811C2633DB41007A20C2 /* String+Extension.swift */; };
		AB8A81272633E60B007A20C2 /* Bool+Extension.swift in Sources */ = {isa = PBXBuildFile; fileRef = AB8A81262633E60B007A20C2 /* Bool+Extension.swift */; };
		AB8A812B2633ECC8007A20C2 /* Int+Extension.swift in Sources */ = {isa = PBXBuildFile; fileRef = AB8A812A2633ECC8007A20C2 /* Int+Extension.swift */; };
		AB8A813026344399007A20C2 /* SettingLectureViewController.swift in Sources */ = {isa = PBXBuildFile; fileRef = AB8A812F26344399007A20C2 /* SettingLectureViewController.swift */; };
		AB8A8133263443B9007A20C2 /* SettingLecture.storyboard in Resources */ = {isa = PBXBuildFile; fileRef = AB8A8132263443B9007A20C2 /* SettingLecture.storyboard */; };
		AB8A81CC26359AFA007A20C2 /* AdditionalLectureViewController.swift in Sources */ = {isa = PBXBuildFile; fileRef = AB8A81CB26359AFA007A20C2 /* AdditionalLectureViewController.swift */; };
		AB8A81CF26359B17007A20C2 /* EditLectureViewController.swift in Sources */ = {isa = PBXBuildFile; fileRef = AB8A81CE26359B17007A20C2 /* EditLectureViewController.swift */; };
		AB8A81D226359B28007A20C2 /* AdditionalLecture.storyboard in Resources */ = {isa = PBXBuildFile; fileRef = AB8A81D126359B28007A20C2 /* AdditionalLecture.storyboard */; };
		AB8A81D526359B30007A20C2 /* EditLecture.storyboard in Resources */ = {isa = PBXBuildFile; fileRef = AB8A81D426359B30007A20C2 /* EditLecture.storyboard */; };
		ABB6A2B5262D055D00CFB798 /* AppDelegate.swift in Sources */ = {isa = PBXBuildFile; fileRef = ABB6A2B4262D055D00CFB798 /* AppDelegate.swift */; };
		ABB6A2B7262D055D00CFB798 /* SceneDelegate.swift in Sources */ = {isa = PBXBuildFile; fileRef = ABB6A2B6262D055D00CFB798 /* SceneDelegate.swift */; };
		ABB6A2BE262D056100CFB798 /* Assets.xcassets in Resources */ = {isa = PBXBuildFile; fileRef = ABB6A2BD262D056100CFB798 /* Assets.xcassets */; };
		ABB6A2C1262D056100CFB798 /* LaunchScreen.storyboard in Resources */ = {isa = PBXBuildFile; fileRef = ABB6A2BF262D056100CFB798 /* LaunchScreen.storyboard */; };
		ABB6A2CA262D074500CFB798 /* Timetable.storyboard in Resources */ = {isa = PBXBuildFile; fileRef = ABB6A2C9262D074500CFB798 /* Timetable.storyboard */; };
		ABB6A2CF262D077300CFB798 /* TimetableViewController.swift in Sources */ = {isa = PBXBuildFile; fileRef = ABB6A2CE262D077300CFB798 /* TimetableViewController.swift */; };
		ABB6A2DB262D1F8200CFB798 /* TimetableCollectionViewCell.swift in Sources */ = {isa = PBXBuildFile; fileRef = ABB6A2D9262D1F8200CFB798 /* TimetableCollectionViewCell.swift */; };
		ABB6A2DC262D1F8200CFB798 /* TimetableCollectionViewCell.xib in Resources */ = {isa = PBXBuildFile; fileRef = ABB6A2DA262D1F8200CFB798 /* TimetableCollectionViewCell.xib */; };
		ABB6A307262DD11600CFB798 /* NeumorphismView.swift in Sources */ = {isa = PBXBuildFile; fileRef = ABB6A306262DD11600CFB798 /* NeumorphismView.swift */; };
		ABD7A66B2630028A008F1556 /* MyUINavigationController.swift in Sources */ = {isa = PBXBuildFile; fileRef = ABD7A66A2630028A008F1556 /* MyUINavigationController.swift */; };
		ABD7A676263004BE008F1556 /* MyUITabBarController.swift in Sources */ = {isa = PBXBuildFile; fileRef = ABD7A675263004BE008F1556 /* MyUITabBarController.swift */; };
		ABD7A6A72632761A008F1556 /* Week.swift in Sources */ = {isa = PBXBuildFile; fileRef = ABD7A6A62632761A008F1556 /* Week.swift */; };
		ABD7A6AA2632762C008F1556 /* Period.swift in Sources */ = {isa = PBXBuildFile; fileRef = ABD7A6A92632762C008F1556 /* Period.swift */; };
		ABD7A6B12632A3E9008F1556 /* TimetableSettingViewController.swift in Sources */ = {isa = PBXBuildFile; fileRef = ABD7A6B02632A3E9008F1556 /* TimetableSettingViewController.swift */; };
		ABD7A6B42632A3F7008F1556 /* TimetableSetting.storyboard in Resources */ = {isa = PBXBuildFile; fileRef = ABD7A6B32632A3F7008F1556 /* TimetableSetting.storyboard */; };
		ABD7A6C42632A967008F1556 /* TimetableSettingTableViewCell.swift in Sources */ = {isa = PBXBuildFile; fileRef = ABD7A6C22632A967008F1556 /* TimetableSettingTableViewCell.swift */; };
		ABD7A6C52632A967008F1556 /* TimetableSettingTableViewCell.xib in Resources */ = {isa = PBXBuildFile; fileRef = ABD7A6C32632A967008F1556 /* TimetableSettingTableViewCell.xib */; };
/* End PBXBuildFile section */

/* Begin PBXFileReference section */
		AB8A80EC263303CB007A20C2 /* TimetableSetting.swift */ = {isa = PBXFileReference; lastKnownFileType = sourcecode.swift; path = TimetableSetting.swift; sourceTree = "<group>"; };
		AB8A811C2633DB41007A20C2 /* String+Extension.swift */ = {isa = PBXFileReference; lastKnownFileType = sourcecode.swift; path = "String+Extension.swift"; sourceTree = "<group>"; };
		AB8A81262633E60B007A20C2 /* Bool+Extension.swift */ = {isa = PBXFileReference; lastKnownFileType = sourcecode.swift; path = "Bool+Extension.swift"; sourceTree = "<group>"; };
		AB8A812A2633ECC8007A20C2 /* Int+Extension.swift */ = {isa = PBXFileReference; lastKnownFileType = sourcecode.swift; path = "Int+Extension.swift"; sourceTree = "<group>"; };
		AB8A812F26344399007A20C2 /* SettingLectureViewController.swift */ = {isa = PBXFileReference; lastKnownFileType = sourcecode.swift; path = SettingLectureViewController.swift; sourceTree = "<group>"; };
		AB8A8132263443B9007A20C2 /* SettingLecture.storyboard */ = {isa = PBXFileReference; lastKnownFileType = file.storyboard; path = SettingLecture.storyboard; sourceTree = "<group>"; };
		AB8A81CB26359AFA007A20C2 /* AdditionalLectureViewController.swift */ = {isa = PBXFileReference; lastKnownFileType = sourcecode.swift; path = AdditionalLectureViewController.swift; sourceTree = "<group>"; };
		AB8A81CE26359B17007A20C2 /* EditLectureViewController.swift */ = {isa = PBXFileReference; lastKnownFileType = sourcecode.swift; path = EditLectureViewController.swift; sourceTree = "<group>"; };
		AB8A81D126359B28007A20C2 /* AdditionalLecture.storyboard */ = {isa = PBXFileReference; lastKnownFileType = file.storyboard; path = AdditionalLecture.storyboard; sourceTree = "<group>"; };
		AB8A81D426359B30007A20C2 /* EditLecture.storyboard */ = {isa = PBXFileReference; lastKnownFileType = file.storyboard; path = EditLecture.storyboard; sourceTree = "<group>"; };
		ABB6A2B1262D055D00CFB798 /* TimetableApp.app */ = {isa = PBXFileReference; explicitFileType = wrapper.application; includeInIndex = 0; path = TimetableApp.app; sourceTree = BUILT_PRODUCTS_DIR; };
		ABB6A2B4262D055D00CFB798 /* AppDelegate.swift */ = {isa = PBXFileReference; lastKnownFileType = sourcecode.swift; path = AppDelegate.swift; sourceTree = "<group>"; };
		ABB6A2B6262D055D00CFB798 /* SceneDelegate.swift */ = {isa = PBXFileReference; lastKnownFileType = sourcecode.swift; path = SceneDelegate.swift; sourceTree = "<group>"; };
		ABB6A2BD262D056100CFB798 /* Assets.xcassets */ = {isa = PBXFileReference; lastKnownFileType = folder.assetcatalog; path = Assets.xcassets; sourceTree = "<group>"; };
		ABB6A2C0262D056100CFB798 /* Base */ = {isa = PBXFileReference; lastKnownFileType = file.storyboard; name = Base; path = Base.lproj/LaunchScreen.storyboard; sourceTree = "<group>"; };
		ABB6A2C2262D056100CFB798 /* Info.plist */ = {isa = PBXFileReference; lastKnownFileType = text.plist.xml; path = Info.plist; sourceTree = "<group>"; };
		ABB6A2C9262D074500CFB798 /* Timetable.storyboard */ = {isa = PBXFileReference; lastKnownFileType = file.storyboard; path = Timetable.storyboard; sourceTree = "<group>"; };
		ABB6A2CE262D077300CFB798 /* TimetableViewController.swift */ = {isa = PBXFileReference; lastKnownFileType = sourcecode.swift; path = TimetableViewController.swift; sourceTree = "<group>"; };
		ABB6A2D9262D1F8200CFB798 /* TimetableCollectionViewCell.swift */ = {isa = PBXFileReference; lastKnownFileType = sourcecode.swift; path = TimetableCollectionViewCell.swift; sourceTree = "<group>"; };
		ABB6A2DA262D1F8200CFB798 /* TimetableCollectionViewCell.xib */ = {isa = PBXFileReference; lastKnownFileType = file.xib; path = TimetableCollectionViewCell.xib; sourceTree = "<group>"; };
		ABB6A306262DD11600CFB798 /* NeumorphismView.swift */ = {isa = PBXFileReference; lastKnownFileType = sourcecode.swift; path = NeumorphismView.swift; sourceTree = "<group>"; };
		ABD7A66A2630028A008F1556 /* MyUINavigationController.swift */ = {isa = PBXFileReference; lastKnownFileType = sourcecode.swift; path = MyUINavigationController.swift; sourceTree = "<group>"; };
		ABD7A675263004BE008F1556 /* MyUITabBarController.swift */ = {isa = PBXFileReference; lastKnownFileType = sourcecode.swift; path = MyUITabBarController.swift; sourceTree = "<group>"; };
		ABD7A6A62632761A008F1556 /* Week.swift */ = {isa = PBXFileReference; lastKnownFileType = sourcecode.swift; path = Week.swift; sourceTree = "<group>"; };
		ABD7A6A92632762C008F1556 /* Period.swift */ = {isa = PBXFileReference; lastKnownFileType = sourcecode.swift; path = Period.swift; sourceTree = "<group>"; };
		ABD7A6B02632A3E9008F1556 /* TimetableSettingViewController.swift */ = {isa = PBXFileReference; lastKnownFileType = sourcecode.swift; path = TimetableSettingViewController.swift; sourceTree = "<group>"; };
		ABD7A6B32632A3F7008F1556 /* TimetableSetting.storyboard */ = {isa = PBXFileReference; lastKnownFileType = file.storyboard; path = TimetableSetting.storyboard; sourceTree = "<group>"; };
		ABD7A6C22632A967008F1556 /* TimetableSettingTableViewCell.swift */ = {isa = PBXFileReference; lastKnownFileType = sourcecode.swift; path = TimetableSettingTableViewCell.swift; sourceTree = "<group>"; };
		ABD7A6C32632A967008F1556 /* TimetableSettingTableViewCell.xib */ = {isa = PBXFileReference; lastKnownFileType = file.xib; path = TimetableSettingTableViewCell.xib; sourceTree = "<group>"; };
/* End PBXFileReference section */

/* Begin PBXFrameworksBuildPhase section */
		ABB6A2AE262D055D00CFB798 /* Frameworks */ = {
			isa = PBXFrameworksBuildPhase;
			buildActionMask = 2147483647;
			files = (
			);
			runOnlyForDeploymentPostprocessing = 0;
		};
/* End PBXFrameworksBuildPhase section */

/* Begin PBXGroup section */
		AB8A80EB263303BA007A20C2 /* Model */ = {
			isa = PBXGroup;
			children = (
				AB8A80EC263303CB007A20C2 /* TimetableSetting.swift */,
			);
			path = Model;
			sourceTree = "<group>";
		};
		AB8A811B2633DB2E007A20C2 /* Extensions */ = {
			isa = PBXGroup;
			children = (
				AB8A811C2633DB41007A20C2 /* String+Extension.swift */,
				AB8A81262633E60B007A20C2 /* Bool+Extension.swift */,
				AB8A812A2633ECC8007A20C2 /* Int+Extension.swift */,
			);
			path = Extensions;
			sourceTree = "<group>";
		};
		ABB6A2A8262D055D00CFB798 = {
			isa = PBXGroup;
			children = (
				ABB6A2B3262D055D00CFB798 /* TimetableApp */,
				ABB6A2B2262D055D00CFB798 /* Products */,
			);
			sourceTree = "<group>";
		};
		ABB6A2B2262D055D00CFB798 /* Products */ = {
			isa = PBXGroup;
			children = (
				ABB6A2B1262D055D00CFB798 /* TimetableApp.app */,
			);
			name = Products;
			sourceTree = "<group>";
		};
		ABB6A2B3262D055D00CFB798 /* TimetableApp */ = {
			isa = PBXGroup;
			children = (
				AB8A811B2633DB2E007A20C2 /* Extensions */,
				ABD7A6A526327600008F1556 /* Enums */,
				AB8A80EB263303BA007A20C2 /* Model */,
				ABB6A2E2262D640E00CFB798 /* Views */,
				ABB6A2E1262D640400CFB798 /* Controllers */,
				ABD7A6B62632A55D008F1556 /* Storyboards */,
				ABB6A2B4262D055D00CFB798 /* AppDelegate.swift */,
				ABB6A2B6262D055D00CFB798 /* SceneDelegate.swift */,
				ABB6A2BD262D056100CFB798 /* Assets.xcassets */,
				ABB6A2BF262D056100CFB798 /* LaunchScreen.storyboard */,
				ABB6A2C2262D056100CFB798 /* Info.plist */,
			);
			path = TimetableApp;
			sourceTree = "<group>";
		};
		ABB6A2E1262D640400CFB798 /* Controllers */ = {
			isa = PBXGroup;
			children = (
				ABD7A66A2630028A008F1556 /* MyUINavigationController.swift */,
				ABD7A675263004BE008F1556 /* MyUITabBarController.swift */,
				ABB6A2CE262D077300CFB798 /* TimetableViewController.swift */,
				AB8A812F26344399007A20C2 /* SettingLectureViewController.swift */,
				AB8A81CB26359AFA007A20C2 /* AdditionalLectureViewController.swift */,
				AB8A81CE26359B17007A20C2 /* EditLectureViewController.swift */,
				ABD7A6B02632A3E9008F1556 /* TimetableSettingViewController.swift */,
			);
			path = Controllers;
			sourceTree = "<group>";
		};
		ABB6A2E2262D640E00CFB798 /* Views */ = {
			isa = PBXGroup;
			children = (
				ABB6A306262DD11600CFB798 /* NeumorphismView.swift */,
				ABB6A2D9262D1F8200CFB798 /* TimetableCollectionViewCell.swift */,
				ABB6A2DA262D1F8200CFB798 /* TimetableCollectionViewCell.xib */,
				ABD7A6C22632A967008F1556 /* TimetableSettingTableViewCell.swift */,
				ABD7A6C32632A967008F1556 /* TimetableSettingTableViewCell.xib */,
			);
			path = Views;
			sourceTree = "<group>";
		};
		ABD7A6A526327600008F1556 /* Enums */ = {
			isa = PBXGroup;
			children = (
				ABD7A6A62632761A008F1556 /* Week.swift */,
				ABD7A6A92632762C008F1556 /* Period.swift */,
			);
			path = Enums;
			sourceTree = "<group>";
		};
		ABD7A6B62632A55D008F1556 /* Storyboards */ = {
			isa = PBXGroup;
			children = (
				ABB6A2C9262D074500CFB798 /* Timetable.storyboard */,
				AB8A8132263443B9007A20C2 /* SettingLecture.storyboard */,
				AB8A81D126359B28007A20C2 /* AdditionalLecture.storyboard */,
				AB8A81D426359B30007A20C2 /* EditLecture.storyboard */,
				ABD7A6B32632A3F7008F1556 /* TimetableSetting.storyboard */,
			);
			path = Storyboards;
			sourceTree = "<group>";
		};
/* End PBXGroup section */

/* Begin PBXNativeTarget section */
		ABB6A2B0262D055D00CFB798 /* TimetableApp */ = {
			isa = PBXNativeTarget;
			buildConfigurationList = ABB6A2C5262D056100CFB798 /* Build configuration list for PBXNativeTarget "TimetableApp" */;
			buildPhases = (
				ABB6A2AD262D055D00CFB798 /* Sources */,
				ABB6A2AE262D055D00CFB798 /* Frameworks */,
				ABB6A2AF262D055D00CFB798 /* Resources */,
			);
			buildRules = (
			);
			dependencies = (
			);
			name = TimetableApp;
			productName = TimetableApp;
			productReference = ABB6A2B1262D055D00CFB798 /* TimetableApp.app */;
			productType = "com.apple.product-type.application";
		};
/* End PBXNativeTarget section */

/* Begin PBXProject section */
		ABB6A2A9262D055D00CFB798 /* Project object */ = {
			isa = PBXProject;
			attributes = {
				LastSwiftUpdateCheck = 1240;
				LastUpgradeCheck = 1240;
				TargetAttributes = {
					ABB6A2B0262D055D00CFB798 = {
						CreatedOnToolsVersion = 12.4;
					};
				};
			};
			buildConfigurationList = ABB6A2AC262D055D00CFB798 /* Build configuration list for PBXProject "TimetableApp" */;
			compatibilityVersion = "Xcode 12.0";
			developmentRegion = en;
			hasScannedForEncodings = 0;
			knownRegions = (
				en,
				Base,
			);
			mainGroup = ABB6A2A8262D055D00CFB798;
			productRefGroup = ABB6A2B2262D055D00CFB798 /* Products */;
			projectDirPath = "";
			projectRoot = "";
			targets = (
				ABB6A2B0262D055D00CFB798 /* TimetableApp */,
			);
		};
/* End PBXProject section */

/* Begin PBXResourcesBuildPhase section */
		ABB6A2AF262D055D00CFB798 /* Resources */ = {
			isa = PBXResourcesBuildPhase;
			buildActionMask = 2147483647;
			files = (
				AB8A81D226359B28007A20C2 /* AdditionalLecture.storyboard in Resources */,
				ABB6A2C1262D056100CFB798 /* LaunchScreen.storyboard in Resources */,
				ABB6A2BE262D056100CFB798 /* Assets.xcassets in Resources */,
				AB8A81D526359B30007A20C2 /* EditLecture.storyboard in Resources */,
				ABB6A2DC262D1F8200CFB798 /* TimetableCollectionViewCell.xib in Resources */,
				ABB6A2CA262D074500CFB798 /* Timetable.storyboard in Resources */,
				AB8A8133263443B9007A20C2 /* SettingLecture.storyboard in Resources */,
				ABD7A6C52632A967008F1556 /* TimetableSettingTableViewCell.xib in Resources */,
				ABD7A6B42632A3F7008F1556 /* TimetableSetting.storyboard in Resources */,
			);
			runOnlyForDeploymentPostprocessing = 0;
		};
/* End PBXResourcesBuildPhase section */

/* Begin PBXSourcesBuildPhase section */
		ABB6A2AD262D055D00CFB798 /* Sources */ = {
			isa = PBXSourcesBuildPhase;
			buildActionMask = 2147483647;
			files = (
				AB8A812B2633ECC8007A20C2 /* Int+Extension.swift in Sources */,
				ABD7A676263004BE008F1556 /* MyUITabBarController.swift in Sources */,
				ABD7A6A72632761A008F1556 /* Week.swift in Sources */,
				AB8A80ED263303CB007A20C2 /* TimetableSetting.swift in Sources */,
				ABB6A2B5262D055D00CFB798 /* AppDelegate.swift in Sources */,
				ABD7A6B12632A3E9008F1556 /* TimetableSettingViewController.swift in Sources */,
				ABB6A2CF262D077300CFB798 /* TimetableViewController.swift in Sources */,
				AB8A811D2633DB41007A20C2 /* String+Extension.swift in Sources */,
				ABD7A6AA2632762C008F1556 /* Period.swift in Sources */,
				AB8A81CC26359AFA007A20C2 /* AdditionalLectureViewController.swift in Sources */,
				ABB6A307262DD11600CFB798 /* NeumorphismView.swift in Sources */,
				AB8A81272633E60B007A20C2 /* Bool+Extension.swift in Sources */,
				ABB6A2DB262D1F8200CFB798 /* TimetableCollectionViewCell.swift in Sources */,
				AB8A813026344399007A20C2 /* SettingLectureViewController.swift in Sources */,
				ABB6A2B7262D055D00CFB798 /* SceneDelegate.swift in Sources */,
				ABD7A6C42632A967008F1556 /* TimetableSettingTableViewCell.swift in Sources */,
				ABD7A66B2630028A008F1556 /* MyUINavigationController.swift in Sources */,
				AB8A81CF26359B17007A20C2 /* EditLectureViewController.swift in Sources */,
			);
			runOnlyForDeploymentPostprocessing = 0;
		};
/* End PBXSourcesBuildPhase section */

/* Begin PBXVariantGroup section */
		ABB6A2BF262D056100CFB798 /* LaunchScreen.storyboard */ = {
			isa = PBXVariantGroup;
			children = (
				ABB6A2C0262D056100CFB798 /* Base */,
			);
			name = LaunchScreen.storyboard;
			sourceTree = "<group>";
		};
/* End PBXVariantGroup section */

/* Begin XCBuildConfiguration section */
		ABB6A2C3262D056100CFB798 /* Debug */ = {
			isa = XCBuildConfiguration;
			buildSettings = {
				ALWAYS_SEARCH_USER_PATHS = NO;
				CLANG_ANALYZER_NONNULL = YES;
				CLANG_ANALYZER_NUMBER_OBJECT_CONVERSION = YES_AGGRESSIVE;
				CLANG_CXX_LANGUAGE_STANDARD = "gnu++14";
				CLANG_CXX_LIBRARY = "libc++";
				CLANG_ENABLE_MODULES = YES;
				CLANG_ENABLE_OBJC_ARC = YES;
				CLANG_ENABLE_OBJC_WEAK = YES;
				CLANG_WARN_BLOCK_CAPTURE_AUTORELEASING = YES;
				CLANG_WARN_BOOL_CONVERSION = YES;
				CLANG_WARN_COMMA = YES;
				CLANG_WARN_CONSTANT_CONVERSION = YES;
				CLANG_WARN_DEPRECATED_OBJC_IMPLEMENTATIONS = YES;
				CLANG_WARN_DIRECT_OBJC_ISA_USAGE = YES_ERROR;
				CLANG_WARN_DOCUMENTATION_COMMENTS = YES;
				CLANG_WARN_EMPTY_BODY = YES;
				CLANG_WARN_ENUM_CONVERSION = YES;
				CLANG_WARN_INFINITE_RECURSION = YES;
				CLANG_WARN_INT_CONVERSION = YES;
				CLANG_WARN_NON_LITERAL_NULL_CONVERSION = YES;
				CLANG_WARN_OBJC_IMPLICIT_RETAIN_SELF = YES;
				CLANG_WARN_OBJC_LITERAL_CONVERSION = YES;
				CLANG_WARN_OBJC_ROOT_CLASS = YES_ERROR;
				CLANG_WARN_QUOTED_INCLUDE_IN_FRAMEWORK_HEADER = YES;
				CLANG_WARN_RANGE_LOOP_ANALYSIS = YES;
				CLANG_WARN_STRICT_PROTOTYPES = YES;
				CLANG_WARN_SUSPICIOUS_MOVE = YES;
				CLANG_WARN_UNGUARDED_AVAILABILITY = YES_AGGRESSIVE;
				CLANG_WARN_UNREACHABLE_CODE = YES;
				CLANG_WARN__DUPLICATE_METHOD_MATCH = YES;
				COPY_PHASE_STRIP = NO;
				DEBUG_INFORMATION_FORMAT = dwarf;
				ENABLE_STRICT_OBJC_MSGSEND = YES;
				ENABLE_TESTABILITY = YES;
				GCC_C_LANGUAGE_STANDARD = gnu11;
				GCC_DYNAMIC_NO_PIC = NO;
				GCC_NO_COMMON_BLOCKS = YES;
				GCC_OPTIMIZATION_LEVEL = 0;
				GCC_PREPROCESSOR_DEFINITIONS = (
					"DEBUG=1",
					"$(inherited)",
				);
				GCC_WARN_64_TO_32_BIT_CONVERSION = YES;
				GCC_WARN_ABOUT_RETURN_TYPE = YES_ERROR;
				GCC_WARN_UNDECLARED_SELECTOR = YES;
				GCC_WARN_UNINITIALIZED_AUTOS = YES_AGGRESSIVE;
				GCC_WARN_UNUSED_FUNCTION = YES;
				GCC_WARN_UNUSED_VARIABLE = YES;
				IPHONEOS_DEPLOYMENT_TARGET = 13.0;
				MTL_ENABLE_DEBUG_INFO = INCLUDE_SOURCE;
				MTL_FAST_MATH = YES;
				ONLY_ACTIVE_ARCH = YES;
				SDKROOT = iphoneos;
				SWIFT_ACTIVE_COMPILATION_CONDITIONS = DEBUG;
				SWIFT_OPTIMIZATION_LEVEL = "-Onone";
			};
			name = Debug;
		};
		ABB6A2C4262D056100CFB798 /* Release */ = {
			isa = XCBuildConfiguration;
			buildSettings = {
				ALWAYS_SEARCH_USER_PATHS = NO;
				CLANG_ANALYZER_NONNULL = YES;
				CLANG_ANALYZER_NUMBER_OBJECT_CONVERSION = YES_AGGRESSIVE;
				CLANG_CXX_LANGUAGE_STANDARD = "gnu++14";
				CLANG_CXX_LIBRARY = "libc++";
				CLANG_ENABLE_MODULES = YES;
				CLANG_ENABLE_OBJC_ARC = YES;
				CLANG_ENABLE_OBJC_WEAK = YES;
				CLANG_WARN_BLOCK_CAPTURE_AUTORELEASING = YES;
				CLANG_WARN_BOOL_CONVERSION = YES;
				CLANG_WARN_COMMA = YES;
				CLANG_WARN_CONSTANT_CONVERSION = YES;
				CLANG_WARN_DEPRECATED_OBJC_IMPLEMENTATIONS = YES;
				CLANG_WARN_DIRECT_OBJC_ISA_USAGE = YES_ERROR;
				CLANG_WARN_DOCUMENTATION_COMMENTS = YES;
				CLANG_WARN_EMPTY_BODY = YES;
				CLANG_WARN_ENUM_CONVERSION = YES;
				CLANG_WARN_INFINITE_RECURSION = YES;
				CLANG_WARN_INT_CONVERSION = YES;
				CLANG_WARN_NON_LITERAL_NULL_CONVERSION = YES;
				CLANG_WARN_OBJC_IMPLICIT_RETAIN_SELF = YES;
				CLANG_WARN_OBJC_LITERAL_CONVERSION = YES;
				CLANG_WARN_OBJC_ROOT_CLASS = YES_ERROR;
				CLANG_WARN_QUOTED_INCLUDE_IN_FRAMEWORK_HEADER = YES;
				CLANG_WARN_RANGE_LOOP_ANALYSIS = YES;
				CLANG_WARN_STRICT_PROTOTYPES = YES;
				CLANG_WARN_SUSPICIOUS_MOVE = YES;
				CLANG_WARN_UNGUARDED_AVAILABILITY = YES_AGGRESSIVE;
				CLANG_WARN_UNREACHABLE_CODE = YES;
				CLANG_WARN__DUPLICATE_METHOD_MATCH = YES;
				COPY_PHASE_STRIP = NO;
				DEBUG_INFORMATION_FORMAT = "dwarf-with-dsym";
				ENABLE_NS_ASSERTIONS = NO;
				ENABLE_STRICT_OBJC_MSGSEND = YES;
				GCC_C_LANGUAGE_STANDARD = gnu11;
				GCC_NO_COMMON_BLOCKS = YES;
				GCC_WARN_64_TO_32_BIT_CONVERSION = YES;
				GCC_WARN_ABOUT_RETURN_TYPE = YES_ERROR;
				GCC_WARN_UNDECLARED_SELECTOR = YES;
				GCC_WARN_UNINITIALIZED_AUTOS = YES_AGGRESSIVE;
				GCC_WARN_UNUSED_FUNCTION = YES;
				GCC_WARN_UNUSED_VARIABLE = YES;
				IPHONEOS_DEPLOYMENT_TARGET = 13.0;
				MTL_ENABLE_DEBUG_INFO = NO;
				MTL_FAST_MATH = YES;
				SDKROOT = iphoneos;
				SWIFT_COMPILATION_MODE = wholemodule;
				SWIFT_OPTIMIZATION_LEVEL = "-O";
				VALIDATE_PRODUCT = YES;
			};
			name = Release;
		};
		ABB6A2C6262D056100CFB798 /* Debug */ = {
			isa = XCBuildConfiguration;
			buildSettings = {
				ASSETCATALOG_COMPILER_APPICON_NAME = AppIcon;
				ASSETCATALOG_COMPILER_GLOBAL_ACCENT_COLOR_NAME = AccentColor;
				CODE_SIGN_STYLE = Automatic;
				DEVELOPMENT_TEAM = 242KS3V77L;
				INFOPLIST_FILE = TimetableApp/Info.plist;
				IPHONEOS_DEPLOYMENT_TARGET = 13.0;
				LD_RUNPATH_SEARCH_PATHS = (
					"$(inherited)",
					"@executable_path/Frameworks",
				);
				PRODUCT_BUNDLE_IDENTIFIER = oonishireon.TimetableApp;
				PRODUCT_NAME = "$(TARGET_NAME)";
				SWIFT_VERSION = 5.0;
				TARGETED_DEVICE_FAMILY = "1,2";
			};
			name = Debug;
		};
		ABB6A2C7262D056100CFB798 /* Release */ = {
			isa = XCBuildConfiguration;
			buildSettings = {
				ASSETCATALOG_COMPILER_APPICON_NAME = AppIcon;
				ASSETCATALOG_COMPILER_GLOBAL_ACCENT_COLOR_NAME = AccentColor;
				CODE_SIGN_STYLE = Automatic;
				DEVELOPMENT_TEAM = 242KS3V77L;
				INFOPLIST_FILE = TimetableApp/Info.plist;
				IPHONEOS_DEPLOYMENT_TARGET = 13.0;
				LD_RUNPATH_SEARCH_PATHS = (
					"$(inherited)",
					"@executable_path/Frameworks",
				);
				PRODUCT_BUNDLE_IDENTIFIER = oonishireon.TimetableApp;
				PRODUCT_NAME = "$(TARGET_NAME)";
				SWIFT_VERSION = 5.0;
				TARGETED_DEVICE_FAMILY = "1,2";
			};
			name = Release;
		};
/* End XCBuildConfiguration section */

/* Begin XCConfigurationList section */
		ABB6A2AC262D055D00CFB798 /* Build configuration list for PBXProject "TimetableApp" */ = {
			isa = XCConfigurationList;
			buildConfigurations = (
				ABB6A2C3262D056100CFB798 /* Debug */,
				ABB6A2C4262D056100CFB798 /* Release */,
			);
			defaultConfigurationIsVisible = 0;
			defaultConfigurationName = Release;
		};
		ABB6A2C5262D056100CFB798 /* Build configuration list for PBXNativeTarget "TimetableApp" */ = {
			isa = XCConfigurationList;
			buildConfigurations = (
				ABB6A2C6262D056100CFB798 /* Debug */,
				ABB6A2C7262D056100CFB798 /* Release */,
			);
			defaultConfigurationIsVisible = 0;
			defaultConfigurationName = Release;
		};
/* End XCConfigurationList section */
	};
	rootObject = ABB6A2A9262D055D00CFB798 /* Project object */;
}
